{
	"name": "@joelek/atlas",
	"version": "0.10.0",
	"lockfileVersion": 2,
	"requires": true,
	"packages": {
		"": {
			"name": "@joelek/atlas",
			"version": "0.10.0",
			"license": "MIT",
			"dependencies": {
				"@joelek/bedrock": "github:joelek/bedrock#semver:^0.6",
				"@joelek/ts-stdlib": "github:joelek/ts-stdlib#semver:^1.2"
			},
			"devDependencies": {
				"@types/node": "^16.7",
				"typescript": "^4.4"
			}
		},
		"node_modules/@joelek/bedrock": {
			"version": "0.6.0",
			"resolved": "git+ssh://git@github.com/joelek/bedrock.git#0e301a2bdc572c54b1673abc21803b29db8d5514",
			"license": "MIT"
		},
		"node_modules/@joelek/ts-stdlib": {
			"version": "1.2.0",
			"resolved": "git+ssh://git@github.com/joelek/ts-stdlib.git#a5091abb6cc2ebc8335fd6ba948aa65a9a914a4f",
			"license": "MIT"
		},
		"node_modules/@types/node": {
			"version": "16.11.26",
			"resolved": "https://registry.npmjs.org/@types/node/-/node-16.11.26.tgz",
			"integrity": "sha512-GZ7bu5A6+4DtG7q9GsoHXy3ALcgeIHP4NnL0Vv2wu0uUB/yQex26v0tf6/na1mm0+bS9Uw+0DFex7aaKr2qawQ==",
			"dev": true
		},
		"node_modules/typescript": {
			"version": "4.6.3",
			"resolved": "https://registry.npmjs.org/typescript/-/typescript-4.6.3.tgz",
			"integrity": "sha512-yNIatDa5iaofVozS/uQJEl3JRWLKKGJKh6Yaiv0GLGSuhpFJe7P3SbHZ8/yjAHRQwKRoA6YZqlfjXWmVzoVSMw==",
			"dev": true,
			"bin": {
				"tsc": "bin/tsc",
				"tsserver": "bin/tsserver"
			},
			"engines": {
				"node": ">=4.2.0"
			}
		}
	},
	"dependencies": {
		"@joelek/bedrock": {
			"version": "git+ssh://git@github.com/joelek/bedrock.git#0e301a2bdc572c54b1673abc21803b29db8d5514",
			"from": "@joelek/bedrock@github:joelek/bedrock#semver:^0.6"
		},
		"@joelek/ts-stdlib": {
			"version": "git+ssh://git@github.com/joelek/ts-stdlib.git#a5091abb6cc2ebc8335fd6ba948aa65a9a914a4f",
			"from": "@joelek/ts-stdlib@joelek/ts-stdlib#semver:^1.2"
		},
		"@types/node": {
			"version": "16.11.26",
			"resolved": "https://registry.npmjs.org/@types/node/-/node-16.11.26.tgz",
			"integrity": "sha512-GZ7bu5A6+4DtG7q9GsoHXy3ALcgeIHP4NnL0Vv2wu0uUB/yQex26v0tf6/na1mm0+bS9Uw+0DFex7aaKr2qawQ==",
			"dev": true
		},
		"typescript": {
			"version": "4.6.3",
			"resolved": "https://registry.npmjs.org/typescript/-/typescript-4.6.3.tgz",
			"integrity": "sha512-yNIatDa5iaofVozS/uQJEl3JRWLKKGJKh6Yaiv0GLGSuhpFJe7P3SbHZ8/yjAHRQwKRoA6YZqlfjXWmVzoVSMw==",
			"dev": true
		}
	}
}
