{
	"name": "@joelek/atlas",
	"version": "0.0.0",
	"lockfileVersion": 2,
	"requires": true,
	"packages": {
		"": {
			"name": "@joelek/atlas",
			"version": "0.0.0",
			"license": "UNLICENSED",
			"dependencies": {
				"@joelek/bedrock": "github:joelek/bedrock#semver:^0.5",
				"@joelek/ts-stdlib": "github:joelek/ts-stdlib#semver:^1.1"
			},
			"devDependencies": {
				"@types/node": "^16.7",
				"typescript": "^4.4"
			}
		},
		"node_modules/@joelek/bedrock": {
			"version": "0.5.0",
			"resolved": "git+ssh://git@github.com/joelek/bedrock.git#be4d0c47d6f4b8d8fd0de381ef1f4ffa6131c9cf",
			"license": "MIT"
		},
		"node_modules/@joelek/ts-stdlib": {
			"version": "1.1.3",
			"resolved": "git+ssh://git@github.com/joelek/ts-stdlib.git#2ba033249a22b82e3d556347d6be1a22c604afa0",
			"license": "MIT"
		},
		"node_modules/@types/node": {
			"version": "16.11.25",
			"resolved": "https://registry.npmjs.org/@types/node/-/node-16.11.25.tgz",
			"integrity": "sha512-NrTwfD7L1RTc2qrHQD4RTTy4p0CO2LatKBEKEds3CaVuhoM/+DJzmWZl5f+ikR8cm8F5mfJxK+9rQq07gRiSjQ==",
			"dev": true
		},
		"node_modules/typescript": {
			"version": "4.5.5",
			"resolved": "https://registry.npmjs.org/typescript/-/typescript-4.5.5.tgz",
			"integrity": "sha512-TCTIul70LyWe6IJWT8QSYeA54WQe8EjQFU4wY52Fasj5UKx88LNYKCgBEHcOMOrFF1rKGbD8v/xcNWVUq9SymA==",
			"dev": true,
			"bin": {
				"tsc": "bin/tsc",
				"tsserver": "bin/tsserver"
			},
			"engines": {
				"node": ">=4.2.0"
			}
		}
	},
	"dependencies": {
		"@joelek/bedrock": {
			"version": "git+ssh://git@github.com/joelek/bedrock.git#be4d0c47d6f4b8d8fd0de381ef1f4ffa6131c9cf",
			"from": "@joelek/bedrock@joelek/bedrock#semver:^0.5"
		},
		"@joelek/ts-stdlib": {
			"version": "git+ssh://git@github.com/joelek/ts-stdlib.git#2ba033249a22b82e3d556347d6be1a22c604afa0",
			"from": "@joelek/ts-stdlib@github:joelek/ts-stdlib#semver:^1.1"
		},
		"@types/node": {
			"version": "16.11.25",
			"resolved": "https://registry.npmjs.org/@types/node/-/node-16.11.25.tgz",
			"integrity": "sha512-NrTwfD7L1RTc2qrHQD4RTTy4p0CO2LatKBEKEds3CaVuhoM/+DJzmWZl5f+ikR8cm8F5mfJxK+9rQq07gRiSjQ==",
			"dev": true
		},
		"typescript": {
			"version": "4.5.5",
			"resolved": "https://registry.npmjs.org/typescript/-/typescript-4.5.5.tgz",
			"integrity": "sha512-TCTIul70LyWe6IJWT8QSYeA54WQe8EjQFU4wY52Fasj5UKx88LNYKCgBEHcOMOrFF1rKGbD8v/xcNWVUq9SymA==",
			"dev": true
		}
	}
}
